
Microsoft Visual Studio Solution File, Format Version 12.00
# Visual Studio 15
VisualStudioVersion = 15.0.28307.421
MinimumVisualStudioVersion = 10.0.40219.1
Project("{FAE04EC0-301F-11D3-BF4B-00C04F79EFBC}") = "EditorDeTextoSI", "EditorDeTextoSI\EditorDeTextoSI.csproj", "{EE5F0FAC-42A0-4A03-8DE1-A92D82D4F064}"
EndProject
Global
	GlobalSection(SolutionConfigurationPlatforms) = preSolution
		Debug|Any CPU = Debug|Any CPU
		Release|Any CPU = Release|Any CPU
	EndGlobalSection
	GlobalSection(ProjectConfigurationPlatforms) = postSolution
		{EE5F0FAC-42A0-4A03-8DE1-A92D82D4F064}.Debug|Any CPU.ActiveCfg = Debug|Any CPU
		{EE5F0FAC-42A0-4A03-8DE1-A92D82D4F064}.Debug|Any CPU.Build.0 = Debug|Any CPU
		{EE5F0FAC-42A0-4A03-8DE1-A92D82D4F064}.Release|Any CPU.ActiveCfg = Release|Any CPU
		{EE5F0FAC-42A0-4A03-8DE1-A92D82D4F064}.Release|Any CPU.Build.0 = Release|Any CPU
	EndGlobalSection
	GlobalSection(SolutionProperties) = preSolution
		HideSolutionNode = FALSE
	EndGlobalSection
	GlobalSection(ExtensibilityGlobals) = postSolution
		SolutionGuid = {B86F8231-B7ED-4EAE-9916-5C82CA72715D}
	EndGlobalSection
EndGlobal
